
Microsoft Visual Studio Solution File, Format Version 11.00
# Visual Studio 2010
Project("{FAE04EC0-301F-11D3-BF4B-00C04F79EFBC}") = "CSharpRecap", "CSharpRecap\CSharpRecap.csproj", "{A4169563-2710-4283-953F-0D79A47DDA10}"
EndProject
Global
	GlobalSection(SolutionConfigurationPlatforms) = preSolution
		Debug|x86 = Debug|x86
		Release|x86 = Release|x86
	EndGlobalSection
	GlobalSection(ProjectConfigurationPlatforms) = postSolution
		{A4169563-2710-4283-953F-0D79A47DDA10}.Debug|x86.ActiveCfg = Debug|x86
		{A4169563-2710-4283-953F-0D79A47DDA10}.Debug|x86.Build.0 = Debug|x86
		{A4169563-2710-4283-953F-0D79A47DDA10}.Release|x86.ActiveCfg = Release|x86
		{A4169563-2710-4283-953F-0D79A47DDA10}.Release|x86.Build.0 = Release|x86
	EndGlobalSection
	GlobalSection(SolutionProperties) = preSolution
		HideSolutionNode = FALSE
	EndGlobalSection
EndGlobal
